{
    "name": "@regex-radar/recheck-scalajs",
    "version": "4.5.0-alpha1",
    "lockfileVersion": 3,
    "requires": true,
    "packages": {
        "": {
            "name": "@regex-radar/recheck-scalajs",
            "version": "4.5.0-alpha1",
            "license": "MIT",
            "engines": {
                "node": ">=20"
            }
        }
    }
}
